# Generated by pub
# See https://dart.dev/tools/pub/glossary#lockfile
packages:
  _flutterfire_internals:
    dependency: transitive
    description:
      name: _flutterfire_internals
      sha256: "6b8dc2a6fb4ffd8b807f99f273c02ba8e24f1a8eb08f8f1c53c2c67d512a6a90"
      url: "https://pub.dev"
    source: hosted
    version: "1.0.7"
  after_layout:
    dependency: "direct main"
    description:
      name: after_layout
      sha256: "95a1cb2ca1464f44f14769329fbf15987d20ab6c88f8fc5d359bd362be625f29"
      url: "https://pub.dev"
    source: hosted
    version: "1.2.0"
  app_tracking_transparency:
    dependency: "direct main"
    description:
      name: app_tracking_transparency
      sha256: "331bb4bef3a782b12ff6a2a80090720013f4c3c8bd74b9a147b02be1a0fbf82d"
      url: "https://pub.dev"
    source: hosted
    version: "2.0.3"
  archive:
    dependency: transitive
    description:
      name: archive
      sha256: d6347d54a2d8028e0437e3c099f66fdb8ae02c4720c1e7534c9f24c10351f85d
      url: "https://pub.dev"
    source: hosted
    version: "3.3.6"
  args:
    dependency: transitive
    description:
      name: args
      sha256: "4cab82a83ffef80b262ddedf47a0a8e56ee6fbf7fe21e6e768b02792034dd440"
      url: "https://pub.dev"
    source: hosted
    version: "2.4.0"
  async:
    dependency: transitive
    description:
      name: async
      sha256: "271b8899fc99f9df4f4ed419fa14e2fff392c7b2c162fbb87b222e2e963ddc73"
      url: "https://pub.dev"
    source: hosted
    version: "2.9.0"
  audio_service:
    dependency: "direct main"
    description:
      name: audio_service
      sha256: "7e86d7ce23caad605199f7b25e548fe7b618fb0c150fa0585f47a910fe7e7a67"
      url: "https://pub.dev"
    source: hosted
    version: "0.18.9"
  audio_service_platform_interface:
    dependency: transitive
    description:
      name: audio_service_platform_interface
      sha256: "2c3a1d52803931e836b9693547a71c0c3585ad54219d2214219ed5cfcc3c1af4"
      url: "https://pub.dev"
    source: hosted
    version: "0.1.0"
  audio_service_web:
    dependency: transitive
    description:
      name: audio_service_web
      sha256: "523e64ddc914c714d53eec2da85bba1074f08cf26c786d4efb322de510815ea7"
      url: "https://pub.dev"
    source: hosted
    version: "0.1.1"
  audio_session:
    dependency: transitive
    description:
      name: audio_session
      sha256: e4acc4e9eaa32436dfc5d7aed7f0a370f2d7bb27ee27de30d6c4f220c2a05c73
      url: "https://pub.dev"
    source: hosted
    version: "0.1.13"
  audioplayers:
    dependency: "direct main"
    description:
      name: audioplayers
      sha256: cb7d3a5bbe5eb7a1bdb405f5ff0d0f8fe9e8527ff31c8c872ccd06b2d3c91a84
      url: "https://pub.dev"
    source: hosted
    version: "2.0.0"
  audioplayers_android:
    dependency: transitive
    description:
      name: audioplayers_android
      sha256: "5bf6b30f45c59297909efd107a42d270a2087291e05a46433ad523c88210eec5"
      url: "https://pub.dev"
    source: hosted
    version: "1.1.4"
  audioplayers_darwin:
    dependency: transitive
    description:
      name: audioplayers_darwin
      sha256: "133c01aec9341e0eec8ff17dca7cb375b40193e4cf80aa70b39dcdf1d5fa6137"
      url: "https://pub.dev"
    source: hosted
    version: "2.0.0"
  audioplayers_linux:
    dependency: transitive
    description:
      name: audioplayers_linux
      sha256: c661499b1bca540afad261ede1cab20222061610ad82488388746690262a8ed3
      url: "https://pub.dev"
    source: hosted
    version: "1.0.3"
  audioplayers_platform_interface:
    dependency: transitive
    description:
      name: audioplayers_platform_interface
      sha256: c8c8ed4258b35e8b3cdceced460a9165eb2f3bfb13902aa6ad43e1800d872075
      url: "https://pub.dev"
    source: hosted
    version: "3.0.0"
  audioplayers_web:
    dependency: transitive
    description:
      name: audioplayers_web
      sha256: "3f02d6d3d142d0a694a648bfe6d9c95e427b0a82771fea0f7c22e952fbb35689"
      url: "https://pub.dev"
    source: hosted
    version: "2.1.1"
  audioplayers_windows:
    dependency: transitive
    description:
      name: audioplayers_windows
      sha256: b32dc8b52e75a5bc2582d7399cfb77ee04a476d25313deb8ede348021398024a
      url: "https://pub.dev"
    source: hosted
    version: "1.1.2"
  awesome_number_picker:
    dependency: "direct main"
    description:
      name: awesome_number_picker
      sha256: e9d289499b04dd566a1a9a1eb68003c07cca5728d06edcd57961cbc4f06614ca
      url: "https://pub.dev"
    source: hosted
    version: "0.0.4"
  boolean_selector:
    dependency: transitive
    description:
      name: boolean_selector
      sha256: "5bbf32bc9e518d41ec49718e2931cd4527292c9b0c6d2dffcf7fe6b9a8a8cf72"
      url: "https://pub.dev"
    source: hosted
    version: "2.1.0"
  characters:
    dependency: transitive
    description:
      name: characters
      sha256: e6a326c8af69605aec75ed6c187d06b349707a27fbff8222ca9cc2cff167975c
      url: "https://pub.dev"
    source: hosted
    version: "1.2.1"
  clock:
    dependency: transitive
    description:
      name: clock
      sha256: cb6d7f03e1de671e34607e909a7213e31d7752be4fb66a86d29fe1eb14bfb5cf
      url: "https://pub.dev"
    source: hosted
    version: "1.1.1"
  cloud_firestore:
    dependency: "direct main"
    description:
      name: cloud_firestore
      sha256: "681cd2aa4f05a76eef4cfd959f0c337e95697bd92e6e3e80bc9130957db63a10"
      url: "https://pub.dev"
    source: hosted
    version: "4.0.4"
  cloud_firestore_platform_interface:
    dependency: transitive
    description:
      name: cloud_firestore_platform_interface
      sha256: c17e2f9eaefbbce5950f9921779872f44a2ca94e3061a047a18bd09eb9561cd3
      url: "https://pub.dev"
    source: hosted
    version: "5.8.4"
  cloud_firestore_web:
    dependency: transitive
    description:
      name: cloud_firestore_web
      sha256: "3a4fe7fd092c0bc907db77e261d18bc59e98bb07018e2f29f9804dbc53e543c8"
      url: "https://pub.dev"
    source: hosted
    version: "3.0.4"
  cloud_functions:
    dependency: "direct main"
    description:
      name: cloud_functions
      sha256: e9098bd65cdc9adc5598fa6ac3ba28a78206863529ebf20a76b6738f7c115d5f
      url: "https://pub.dev"
    source: hosted
    version: "4.0.3"
  cloud_functions_platform_interface:
    dependency: transitive
    description:
      name: cloud_functions_platform_interface
      sha256: "981c1ce28ccbfa5e118797011f1a3fada174bc108e7e327ad2aa3a4760feca2a"
      url: "https://pub.dev"
    source: hosted
    version: "5.1.22"
  cloud_functions_web:
    dependency: transitive
    description:
      name: cloud_functions_web
      sha256: "1972a01d2cc5951a1787da0d661df0309e1446c3eeab95ad6a8fa20201bf15b2"
      url: "https://pub.dev"
    source: hosted
    version: "4.3.11"
  collection:
    dependency: transitive
    description:
      name: collection
      sha256: cfc915e6923fe5ce6e153b0723c753045de46de1b4d63771530504004a45fae0
      url: "https://pub.dev"
    source: hosted
    version: "1.17.0"
  convert:
    dependency: transitive
    description:
      name: convert
      sha256: "0f08b14755d163f6e2134cb58222dd25ea2a2ee8a195e53983d57c075324d592"
      url: "https://pub.dev"
    source: hosted
    version: "3.1.1"
  cross_file:
    dependency: transitive
    description:
      name: cross_file
      sha256: "0b0036e8cccbfbe0555fd83c1d31a6f30b77a96b598b35a5d36dd41f718695e9"
      url: "https://pub.dev"
    source: hosted
    version: "0.3.3+4"
  crypto:
    dependency: transitive
    description:
      name: crypto
      sha256: aa274aa7774f8964e4f4f38cc994db7b6158dd36e9187aaceaddc994b35c6c67
      url: "https://pub.dev"
    source: hosted
    version: "3.0.2"
  cupertino_icons:
    dependency: "direct main"
    description:
      name: cupertino_icons
      sha256: e35129dc44c9118cee2a5603506d823bab99c68393879edb440e0090d07586be
      url: "https://pub.dev"
    source: hosted
    version: "1.0.5"
  dbus:
    dependency: transitive
    description:
      name: dbus
      sha256: "4f814fc7e73057f78f307a6c4714fe2ffb4bdb994ab1970540a068ec4d5a45be"
      url: "https://pub.dev"
    source: hosted
    version: "0.7.3"
  device_info_plus:
    dependency: "direct main"
    description:
      name: device_info_plus
      sha256: "79439ccee1641b9cbb95dd0a6b3fb478eab63aab05700249d371626ec6c1810f"
      url: "https://pub.dev"
    source: hosted
    version: "4.0.0"
  device_info_plus_linux:
    dependency: transitive
    description:
      name: device_info_plus_linux
      sha256: e4eb5db4704f5534e872148a21cfcd39581022b63df556da6720d88f7c9f91a9
      url: "https://pub.dev"
    source: hosted
    version: "2.1.1"
  device_info_plus_macos:
    dependency: transitive
    description:
      name: device_info_plus_macos
      sha256: "38871fd2ad31871399d8307630c9f4eb5941dd2c643ee221c44d58de95d367a1"
      url: "https://pub.dev"
    source: hosted
    version: "2.2.3"
  device_info_plus_platform_interface:
    dependency: transitive
    description:
      name: device_info_plus_platform_interface
      sha256: b2743934f0efc3e291880d76fb341ea114b7e8417d77ee0f93bd21f5dfd3e8d2
      url: "https://pub.dev"
    source: hosted
    version: "2.6.1"
  device_info_plus_web:
    dependency: transitive
    description:
      name: device_info_plus_web
      sha256: "38715ad1ef3bee8915dd7bee08a9ac9ab54472a8df425c887062a3046209f663"
      url: "https://pub.dev"
    source: hosted
    version: "2.1.0"
  device_info_plus_windows:
    dependency: transitive
    description:
      name: device_info_plus_windows
      sha256: "8fb1403fc94636d6ab48aeebb5f9379f2ca51cde3b337167ec6f39db09234492"
      url: "https://pub.dev"
    source: hosted
    version: "2.1.1"
  dropdown_button2:
    dependency: "direct main"
    description:
      name: dropdown_button2
      sha256: "580bfe26a91e822a95d96e227ac02c1e14a7d5eea32501d0fbc6fe8d5c5606e5"
      url: "https://pub.dev"
    source: hosted
    version: "1.9.2"
  fake_async:
    dependency: transitive
    description:
      name: fake_async
      sha256: "511392330127add0b769b75a987850d136345d9227c6b94c96a04cf4a391bf78"
      url: "https://pub.dev"
    source: hosted
    version: "1.3.1"
  ffi:
    dependency: transitive
    description:
      name: ffi
      sha256: "13a6ccf6a459a125b3fcdb6ec73bd5ff90822e071207c663bfd1f70062d51d18"
      url: "https://pub.dev"
    source: hosted
    version: "1.2.1"
  file:
    dependency: transitive
    description:
      name: file
      sha256: "1b92bec4fc2a72f59a8e15af5f52cd441e4a7860b49499d69dfa817af20e925d"
      url: "https://pub.dev"
    source: hosted
    version: "6.1.4"
  firebase_auth:
    dependency: "direct main"
    description:
      name: firebase_auth
      sha256: a0b2f3e19080e6143d9a8b42755efb7c97355ace3750239d4b699dc2ec518730
      url: "https://pub.dev"
    source: hosted
    version: "4.1.0"
  firebase_auth_platform_interface:
    dependency: transitive
    description:
      name: firebase_auth_platform_interface
      sha256: "53b50087d7661284be3fb84ad63b2385b07864560f1901e2924309e7a18432a9"
      url: "https://pub.dev"
    source: hosted
    version: "6.11.1"
  firebase_auth_web:
    dependency: transitive
    description:
      name: firebase_auth_web
      sha256: "635af8091a4be11bc5c1e511571080b61e9fd5e12a59ea27ecdae24fb34b1715"
      url: "https://pub.dev"
    source: hosted
    version: "5.1.1"
  firebase_core:
    dependency: "direct main"
    description:
      name: firebase_core
      sha256: e7efae5248305dc7dbe4eb968508f3ac7bf48eec0fa294fd7c1eaec534437ffe
      url: "https://pub.dev"
    source: hosted
    version: "2.1.1"
  firebase_core_platform_interface:
    dependency: transitive
    description:
      name: firebase_core_platform_interface
      sha256: "5615b30c36f55b2777d0533771deda7e5730e769e5d3cb7fda79e9bed86cfa55"
      url: "https://pub.dev"
    source: hosted
    version: "4.5.3"
  firebase_core_web:
    dependency: transitive
    description:
      name: firebase_core_web
      sha256: "4b3a41410f3313bb95fd560aa5eb761b6ad65c185de772c72231e8b4aeed6d18"
      url: "https://pub.dev"
    source: hosted
    version: "2.1.1"
  firebase_dynamic_links:
    dependency: "direct main"
    description:
      name: firebase_dynamic_links
      sha256: "477e880664569efb46b33cb15caaecd9ec681821d554276fb4fb35af703bee13"
      url: "https://pub.dev"
    source: hosted
    version: "5.0.3"
  firebase_dynamic_links_platform_interface:
    dependency: transitive
    description:
      name: firebase_dynamic_links_platform_interface
      sha256: "158f17391991d008f10313206cd6b7fc9e6f38ed7c861e492b37c4594ec1de0c"
      url: "https://pub.dev"
    source: hosted
    version: "0.2.3+20"
  firebase_messaging:
    dependency: "direct main"
    description:
      name: firebase_messaging
      sha256: bb70ae1168ad22d7ec4f28d5743ad31eda0747994dc8b0049297c85be0e9a484
      url: "https://pub.dev"
    source: hosted
    version: "14.0.3"
  firebase_messaging_platform_interface:
    dependency: transitive
    description:
      name: firebase_messaging_platform_interface
      sha256: dedd3862acae00d4b0b399153b84e9ee8fcf13c7f13a0014b51761609794d3ab
      url: "https://pub.dev"
    source: hosted
    version: "4.2.5"
  firebase_messaging_web:
    dependency: transitive
    description:
      name: firebase_messaging_web
      sha256: "5a4b6702a3b9da02281ee155df43c969627b9b182e2002cf45a2b99930857cc4"
      url: "https://pub.dev"
    source: hosted
    version: "3.2.5"
  firebase_storage:
    dependency: "direct main"
    description:
      name: firebase_storage
      sha256: "7ff335f682353c30bf0b22b06c52d94dcb8f710138902c03562b22fceee2860f"
      url: "https://pub.dev"
    source: hosted
    version: "11.0.3"
  firebase_storage_platform_interface:
    dependency: transitive
    description:
      name: firebase_storage_platform_interface
      sha256: "909f0dc7b6a2fd465d5bd1658de5bec452bc66c70d36a0dbb299ae37c4bdf03c"
      url: "https://pub.dev"
    source: hosted
    version: "4.1.22"
  firebase_storage_web:
    dependency: transitive
    description:
      name: firebase_storage_web
      sha256: "3548935c7eeaca2467800e3c141f23458e542ba440e527ac9751dffb9766c4cd"
      url: "https://pub.dev"
    source: hosted
    version: "3.3.14"
  flutter:
    dependency: "direct main"
    description: flutter
    source: sdk
    version: "0.0.0"
  flutter_android:
    dependency: "direct main"
    description:
      name: flutter_android
      sha256: a00ea0806c1030cd554958f11994b87d8e0131ee8c6325209f4d8ef8bbad6795
      url: "https://pub.dev"
    source: hosted
    version: "0.8.0"
  flutter_background:
    dependency: "direct main"
    description:
      name: flutter_background
      sha256: "035c31a738509d67ee70bbf174e5aa7db462c371e838ec8259700c5c4e7ca17f"
      url: "https://pub.dev"
    source: hosted
    version: "1.2.0"
  flutter_background_service:
    dependency: "direct main"
    description:
      name: flutter_background_service
      sha256: "7b9f15ab7d1a5784850ecfde722be4ace4dbcf1072a1fe33b7f9cbe871241e53"
      url: "https://pub.dev"
    source: hosted
    version: "2.4.6"
  flutter_background_service_android:
    dependency: transitive
    description:
      name: flutter_background_service_android
      sha256: "57fd631d800f7e56ca5bfadcfc00c8903eb721b23506b1a387342039521883ec"
      url: "https://pub.dev"
    source: hosted
    version: "3.0.3"
  flutter_background_service_ios:
    dependency: transitive
    description:
      name: flutter_background_service_ios
      sha256: d3f1dc009137c1ac19f5e3d88668836f088a7e078396733547339765d46ff12f
      url: "https://pub.dev"
    source: hosted
    version: "2.4.0"
  flutter_background_service_platform_interface:
    dependency: transitive
    description:
      name: flutter_background_service_platform_interface
      sha256: "5f0480ee8378984f718d640abbe09b4d6d024d58a72b2d8b86bdedb3cf095ff8"
      url: "https://pub.dev"
    source: hosted
    version: "2.2.0"
  flutter_cache_manager:
    dependency: transitive
    description:
      name: flutter_cache_manager
      sha256: "32cd900555219333326a2d0653aaaf8671264c29befa65bbd9856d204a4c9fb3"
      url: "https://pub.dev"
    source: hosted
    version: "3.3.0"
  flutter_email_sender:
    dependency: "direct main"
    description:
      name: flutter_email_sender
      sha256: "9e253c69617f43d4cb5de672e93a7a19c12a21fb6a75e66c6ce7626336c4c1bc"
      url: "https://pub.dev"
    source: hosted
    version: "5.2.0"
  flutter_iconpicker:
    dependency: "direct main"
    description:
      name: flutter_iconpicker
      sha256: e8b09b89f74bc70b72ee6a1f48fd03e40cc3ebdba861c066a002bf2b532fe01a
      url: "https://pub.dev"
    source: hosted
    version: "3.2.2"
  flutter_launcher_icons:
    dependency: "direct main"
    description:
      name: flutter_launcher_icons
      sha256: "559c600f056e7c704bd843723c21e01b5fba47e8824bd02422165bcc02a5de1d"
      url: "https://pub.dev"
    source: hosted
    version: "0.9.3"
  flutter_lints:
    dependency: "direct dev"
    description:
      name: flutter_lints
      sha256: aeb0b80a8b3709709c9cc496cdc027c5b3216796bc0af0ce1007eaf24464fd4c
      url: "https://pub.dev"
    source: hosted
    version: "2.0.1"
  flutter_local_notifications:
    dependency: "direct main"
    description:
      name: flutter_local_notifications
      sha256: f222919a34545931e47b06000836b5101baeffb0e6eb5a4691d2d42851740dd9
      url: "https://pub.dev"
    source: hosted
    version: "12.0.4"
  flutter_local_notifications_linux:
    dependency: transitive
    description:
      name: flutter_local_notifications_linux
      sha256: "6af440e3962eeab8459602c309d7d4ab9e62f05d5cfe58195a28f846a0b5d523"
      url: "https://pub.dev"
    source: hosted
    version: "1.0.0"
  flutter_local_notifications_platform_interface:
    dependency: transitive
    description:
      name: flutter_local_notifications_platform_interface
      sha256: "5ec1feac5f7f7d9266759488bc5f76416152baba9aa1b26fe572246caa00d1ab"
      url: "https://pub.dev"
    source: hosted
    version: "6.0.0"
  flutter_number_picker:
    dependency: "direct main"
    description:
      name: flutter_number_picker
      sha256: cad80d2c5a3ae9dc02405299e6b5be6dc2fa24230a5965265eb171eab8edb248
      url: "https://pub.dev"
    source: hosted
    version: "1.0.4"
  flutter_plugin_android_lifecycle:
    dependency: transitive
    description:
      name: flutter_plugin_android_lifecycle
      sha256: "60fc7b78455b94e6de2333d2f95196d32cf5c22f4b0b0520a628804cb463503b"
      url: "https://pub.dev"
    source: hosted
    version: "2.0.7"
  flutter_ringtone_player:
    dependency: "direct main"
    description:
      name: flutter_ringtone_player
      sha256: "0b036416fda0654da52221989bd1a8ccd2876cea57f61ecc3a4fc272bd738c67"
      url: "https://pub.dev"
    source: hosted
    version: "3.2.0"
  flutter_seekbar:
    dependency: "direct main"
    description:
      name: flutter_seekbar
      sha256: "6b6bd394632c5ce3982cc89b26927b68328aeceeef1acf0c823a8d6ea0744e21"
      url: "https://pub.dev"
    source: hosted
    version: "0.0.1"
  flutter_svg:
    dependency: transitive
    description:
      name: flutter_svg
      sha256: "9ac1967e2f72a08af11b05b39167920f90d043cf67163d13a544a358c8f31afa"
      url: "https://pub.dev"
    source: hosted
    version: "0.22.0"
  flutter_test:
    dependency: "direct dev"
    description: flutter
    source: sdk
    version: "0.0.0"
  flutter_tts:
    dependency: "direct main"
    description:
      name: flutter_tts
      sha256: e91ad17793ad12cca9c3066accf99ceb353bf0355ad06b767176f178b5c428f6
      url: "https://pub.dev"
    source: hosted
    version: "3.6.3"
  flutter_web_plugins:
    dependency: transitive
    description: flutter
    source: sdk
    version: "0.0.0"
  font_awesome_flutter:
    dependency: transitive
    description:
      name: font_awesome_flutter
      sha256: "959ef4add147753f990b4a7c6cccb746d5792dbdc81b1cde99e62e7edb31b206"
      url: "https://pub.dev"
    source: hosted
    version: "10.4.0"
  http:
    dependency: transitive
    description:
      name: http
      sha256: "6aa2946395183537c8b880962d935877325d6a09a2867c3970c05c0fed6ac482"
      url: "https://pub.dev"
    source: hosted
    version: "0.13.5"
  http_parser:
    dependency: transitive
    description:
      name: http_parser
      sha256: "2aa08ce0341cc9b354a498388e30986515406668dbcc4f7c950c3e715496693b"
      url: "https://pub.dev"
    source: hosted
    version: "4.0.2"
  image:
    dependency: transitive
    description:
      name: image
      sha256: "02bafd3b4f399bfeb10034deba9753d93b55ce41cd0c4d3d8b355626f80e5b32"
      url: "https://pub.dev"
    source: hosted
    version: "3.1.3"
  image_picker:
    dependency: "direct main"
    description:
      name: image_picker
      sha256: b4f02353277b39f350093a2460b32b43eafaa3bfc4f92e8d90926698d8d78df6
      url: "https://pub.dev"
    source: hosted
    version: "0.7.5+4"
  image_picker_for_web:
    dependency: transitive
    description:
      name: image_picker_for_web
      sha256: "7d319fb74955ca46d9bf7011497860e3923bb67feebcf068f489311065863899"
      url: "https://pub.dev"
    source: hosted
    version: "2.1.10"
  image_picker_platform_interface:
    dependency: transitive
    description:
      name: image_picker_platform_interface
      sha256: "7cef2f28f4f2fef99180f636c3d446b4ccbafd6ba0fad2adc9a80c4040f656b8"
      url: "https://pub.dev"
    source: hosted
    version: "2.6.2"
  in_app_review:
    dependency: "direct main"
    description:
      name: in_app_review
      sha256: "16328b8202d36522322b95804ae5d975577aa9f584d634985849ba1099645850"
      url: "https://pub.dev"
    source: hosted
    version: "2.0.6"
  in_app_review_platform_interface:
    dependency: transitive
    description:
      name: in_app_review_platform_interface
      sha256: b12ec9aaf6b34d3a72aa95895eb252b381896246bdad4ef378d444affe8410ef
      url: "https://pub.dev"
    source: hosted
    version: "2.0.4"
  infinite_listview:
    dependency: "direct main"
    description:
      name: infinite_listview
      sha256: f6062c1720eb59be553dfa6b89813d3e8dd2f054538445aaa5edaddfa5195ce6
      url: "https://pub.dev"
    source: hosted
    version: "1.1.0"
  intl:
    dependency: "direct main"
    description:
      name: intl
      sha256: "910f85bce16fb5c6f614e117efa303e85a1731bb0081edf3604a2ae6e9a3cc91"
      url: "https://pub.dev"
    source: hosted
    version: "0.17.0"
  js:
    dependency: transitive
    description:
      name: js
      sha256: "5528c2f391ededb7775ec1daa69e65a2d61276f7552de2b5f7b8d34ee9fd4ab7"
      url: "https://pub.dev"
    source: hosted
    version: "0.6.5"
  just_audio:
    dependency: "direct main"
    description:
      name: just_audio
      sha256: "7a5057a4d05c8f88ee968cec6fdfe1015577d5184e591d5ac15ab16d8f5ecb17"
      url: "https://pub.dev"
    source: hosted
    version: "0.9.31"
  just_audio_background:
    dependency: "direct main"
    description:
      name: just_audio_background
      sha256: "89498f9a53f44f50a550d778ceb3cd64cef21246685d85f427be4d97f6e2eb85"
      url: "https://pub.dev"
    source: hosted
    version: "0.0.1-beta.9"
  just_audio_platform_interface:
    dependency: transitive
    description:
      name: just_audio_platform_interface
      sha256: eff112d5138bea3ba544b6338b1e0537a32b5e1425e4d0dc38f732771cda7c84
      url: "https://pub.dev"
    source: hosted
    version: "4.2.0"
  just_audio_web:
    dependency: transitive
    description:
      name: just_audio_web
      sha256: "89d8db6f19f3821bb6bf908c4bfb846079afb2ab575b783d781a6bf119e3abaf"
      url: "https://pub.dev"
    source: hosted
    version: "0.4.7"
  lints:
    dependency: transitive
    description:
      name: lints
      sha256: "5e4a9cd06d447758280a8ac2405101e0e2094d2a1dbdd3756aec3fe7775ba593"
      url: "https://pub.dev"
    source: hosted
    version: "2.0.1"
  matcher:
    dependency: transitive
    description:
      name: matcher
      sha256: "80c2989398773fa06e2457e9ff08580f24e9858b28462a722241cb53e5613478"
      url: "https://pub.dev"
    source: hosted
    version: "0.12.12"
  material_color_utilities:
    dependency: transitive
    description:
      name: material_color_utilities
      sha256: d92141dc6fe1dad30722f9aa826c7fbc896d021d792f80678280601aff8cf724
      url: "https://pub.dev"
    source: hosted
    version: "0.2.0"
  matrix_gesture_detector:
    dependency: "direct main"
    description:
      name: matrix_gesture_detector
      sha256: "2e3ee8562f283026d0543fde587f11661dd986b3b2568ad74c66dc3d56e19a45"
      url: "https://pub.dev"
    source: hosted
    version: "0.1.0"
  meta:
    dependency: transitive
    description:
      name: meta
      sha256: "6c268b42ed578a53088d834796959e4a1814b5e9e164f147f580a386e5decf42"
      url: "https://pub.dev"
    source: hosted
    version: "1.8.0"
  mime:
    dependency: transitive
    description:
      name: mime
      sha256: e4ff8e8564c03f255408decd16e7899da1733852a9110a58fe6d1b817684a63e
      url: "https://pub.dev"
    source: hosted
    version: "1.0.4"
  mobile_number_picker:
    dependency: "direct main"
    description:
      name: mobile_number_picker
      sha256: "7b621e9a6573fe61169f345b9bbd5968d4f2e168d109bf6b0265aa640fc6b208"
      url: "https://pub.dev"
    source: hosted
    version: "0.0.1+5"
  nested:
    dependency: transitive
    description:
      name: nested
      sha256: "03bac4c528c64c95c722ec99280375a6f2fc708eec17c7b3f07253b626cd2a20"
      url: "https://pub.dev"
    source: hosted
    version: "1.0.0"
  number_picker_dialog:
    dependency: "direct main"
    description:
      name: number_picker_dialog
      sha256: "7fdf5579189d9878240ed0afe86895fe84e9e6305897e7ae0b7cac8a153c0650"
      url: "https://pub.dev"
    source: hosted
    version: "0.0.1"
  numberpicker:
    dependency: "direct main"
    description:
      name: numberpicker
      sha256: "73723bd13c940ebcd9e5f0ed56b4874588c1748a9a6a38254f97ad627715142e"
      url: "https://pub.dev"
    source: hosted
    version: "2.1.1"
  path:
    dependency: transitive
    description:
      name: path
      sha256: db9d4f58c908a4ba5953fcee2ae317c94889433e5024c27ce74a37f94267945b
      url: "https://pub.dev"
    source: hosted
    version: "1.8.2"
  path_drawing:
    dependency: transitive
    description:
      name: path_drawing
      sha256: "3bdd251dae9ffaef944450b73f168610db7e968e7b20daf0c3907f8b4aafc8a2"
      url: "https://pub.dev"
    source: hosted
    version: "0.5.1+1"
  path_parsing:
    dependency: transitive
    description:
      name: path_parsing
      sha256: ee5c47c1058ad66b4a41746ec3996af9593d0858872807bcd64ac118f0700337
      url: "https://pub.dev"
    source: hosted
    version: "0.2.1"
  path_provider:
    dependency: "direct main"
    description:
      name: path_provider
      sha256: dcea5feb97d8abf90cab9e9030b497fb7c3cbf26b7a1fe9e3ef7dcb0a1ddec95
      url: "https://pub.dev"
    source: hosted
    version: "2.0.12"
  path_provider_android:
    dependency: transitive
    description:
      name: path_provider_android
      sha256: a776c088d671b27f6e3aa8881d64b87b3e80201c64e8869b811325de7a76c15e
      url: "https://pub.dev"
    source: hosted
    version: "2.0.22"
  path_provider_foundation:
    dependency: transitive
    description:
      name: path_provider_foundation
      sha256: "62a68e7e1c6c459f9289859e2fae58290c981ce21d1697faf54910fe1faa4c74"
      url: "https://pub.dev"
    source: hosted
    version: "2.1.1"
  path_provider_linux:
    dependency: transitive
    description:
      name: path_provider_linux
      sha256: "2e32f1640f07caef0d3cb993680f181c79e54a3827b997d5ee221490d131fbd9"
      url: "https://pub.dev"
    source: hosted
    version: "2.1.8"
  path_provider_platform_interface:
    dependency: transitive
    description:
      name: path_provider_platform_interface
      sha256: f0abc8ebd7253741f05488b4813d936b4d07c6bae3e86148a09e342ee4b08e76
      url: "https://pub.dev"
    source: hosted
    version: "2.0.5"
  path_provider_windows:
    dependency: transitive
    description:
      name: path_provider_windows
      sha256: a34ecd7fb548f8e57321fd8e50d865d266941b54e6c3b7758cf8f37c24116905
      url: "https://pub.dev"
    source: hosted
    version: "2.0.7"
  pedantic:
    dependency: transitive
    description:
      name: pedantic
      sha256: "67fc27ed9639506c856c840ccce7594d0bdcd91bc8d53d6e52359449a1d50602"
      url: "https://pub.dev"
    source: hosted
    version: "1.11.1"
  petitparser:
    dependency: transitive
    description:
      name: petitparser
      sha256: "49392a45ced973e8d94a85fdb21293fbb40ba805fc49f2965101ae748a3683b4"
      url: "https://pub.dev"
    source: hosted
    version: "5.1.0"
  photo_view:
    dependency: "direct main"
    description:
      name: photo_view
      sha256: aedb4371e5bf67546ecd92aed341df714f9de5db7c417ce7538a91c2b43d931a
      url: "https://pub.dev"
    source: hosted
    version: "0.12.0"
  platform:
    dependency: transitive
    description:
      name: platform
      sha256: "4a451831508d7d6ca779f7ac6e212b4023dd5a7d08a27a63da33756410e32b76"
      url: "https://pub.dev"
    source: hosted
    version: "3.1.0"
  plugin_platform_interface:
    dependency: transitive
    description:
      name: plugin_platform_interface
      sha256: dbf0f707c78beedc9200146ad3cb0ab4d5da13c246336987be6940f026500d3a
      url: "https://pub.dev"
    source: hosted
    version: "2.1.3"
  pointycastle:
    dependency: transitive
    description:
      name: pointycastle
      sha256: db7306cf0249f838d1a24af52b5a5887c5bf7f31d8bb4e827d071dc0939ad346
      url: "https://pub.dev"
    source: hosted
    version: "3.6.2"
  process:
    dependency: transitive
    description:
      name: process
      sha256: "53fd8db9cec1d37b0574e12f07520d582019cb6c44abf5479a01505099a34a09"
      url: "https://pub.dev"
    source: hosted
    version: "4.2.4"
  provider:
    dependency: transitive
    description:
      name: provider
      sha256: cdbe7530b12ecd9eb455bdaa2fcb8d4dad22e80b8afb4798b41479d5ce26847f
      url: "https://pub.dev"
    source: hosted
    version: "6.0.5"
  rxdart:
    dependency: transitive
    description:
      name: rxdart
      sha256: "0c7c0cedd93788d996e33041ffecda924cc54389199cde4e6a34b440f50044cb"
      url: "https://pub.dev"
    source: hosted
    version: "0.27.7"
  share:
    dependency: "direct main"
    description:
      name: share
      sha256: "97e6403f564ed1051a01534c2fc919cb6e40ea55e60a18ec23cee6e0ce19f4be"
      url: "https://pub.dev"
    source: hosted
    version: "2.0.4"
  shared_preferences:
    dependency: "direct main"
    description:
      name: shared_preferences
      sha256: "5949029e70abe87f75cfe59d17bf5c397619c4b74a099b10116baeb34786fad9"
      url: "https://pub.dev"
    source: hosted
    version: "2.0.17"
  shared_preferences_android:
    dependency: transitive
    description:
      name: shared_preferences_android
      sha256: "955e9736a12ba776bdd261cf030232b30eadfcd9c79b32a3250dd4a494e8c8f7"
      url: "https://pub.dev"
    source: hosted
    version: "2.0.15"
  shared_preferences_foundation:
    dependency: transitive
    description:
      name: shared_preferences_foundation
      sha256: "2b55c18636a4edc529fa5cd44c03d3f3100c00513f518c5127c951978efcccd0"
      url: "https://pub.dev"
    source: hosted
    version: "2.1.3"
  shared_preferences_linux:
    dependency: transitive
    description:
      name: shared_preferences_linux
      sha256: f8ea038aa6da37090093974ebdcf4397010605fd2ff65c37a66f9d28394cb874
      url: "https://pub.dev"
    source: hosted
    version: "2.1.3"
  shared_preferences_platform_interface:
    dependency: transitive
    description:
      name: shared_preferences_platform_interface
      sha256: da9431745ede5ece47bc26d5d73a9d3c6936ef6945c101a5aca46f62e52c1cf3
      url: "https://pub.dev"
    source: hosted
    version: "2.1.0"
  shared_preferences_web:
    dependency: transitive
    description:
      name: shared_preferences_web
      sha256: a4b5bc37fe1b368bbc81f953197d55e12f49d0296e7e412dfe2d2d77d6929958
      url: "https://pub.dev"
    source: hosted
    version: "2.0.4"
  shared_preferences_windows:
    dependency: transitive
    description:
      name: shared_preferences_windows
      sha256: "5eaf05ae77658d3521d0e993ede1af962d4b326cd2153d312df716dc250f00c9"
      url: "https://pub.dev"
    source: hosted
    version: "2.1.3"
  simple_gesture_detector:
    dependency: transitive
    description:
      name: simple_gesture_detector
      sha256: "86d08f85f1f58583b7b4b941d989f48ea6ce08c1724a1d10954a277c2ec36592"
      url: "https://pub.dev"
    source: hosted
    version: "0.2.0"
  sky_engine:
    dependency: transitive
    description: flutter
    source: sdk
    version: "0.0.99"
  source_span:
    dependency: transitive
    description:
      name: source_span
      sha256: dd904f795d4b4f3b870833847c461801f6750a9fa8e61ea5ac53f9422b31f250
      url: "https://pub.dev"
    source: hosted
    version: "1.9.1"
  sqflite:
    dependency: transitive
    description:
      name: sqflite
      sha256: "78324387dc81df14f78df06019175a86a2ee0437624166c382e145d0a7fd9a4f"
      url: "https://pub.dev"
    source: hosted
    version: "2.2.4+1"
  sqflite_common:
    dependency: transitive
    description:
      name: sqflite_common
      sha256: bfd6973aaeeb93475bc0d875ac9aefddf7965ef22ce09790eb963992ffc5183f
      url: "https://pub.dev"
    source: hosted
    version: "2.4.2+2"
  stack_trace:
    dependency: transitive
    description:
      name: stack_trace
      sha256: c3c7d8edb15bee7f0f74debd4b9c5f3c2ea86766fe4178eb2a18eb30a0bdaed5
      url: "https://pub.dev"
    source: hosted
    version: "1.11.0"
  stream_channel:
    dependency: transitive
    description:
      name: stream_channel
      sha256: "83615bee9045c1d322bbbd1ba209b7a749c2cbcdcb3fdd1df8eb488b3279c1c8"
      url: "https://pub.dev"
    source: hosted
    version: "2.1.1"
  string_scanner:
    dependency: transitive
    description:
      name: string_scanner
      sha256: "862015c5db1f3f3c4ea3b94dc2490363a84262994b88902315ed74be1155612f"
      url: "https://pub.dev"
    source: hosted
    version: "1.1.1"
  syncfusion_flutter_calendar:
    dependency: "direct main"
    description:
      name: syncfusion_flutter_calendar
      sha256: c1decff0781e39660cf8ccc33bc4f7d502625c5f428d7b26469825accc791bf7
      url: "https://pub.dev"
    source: hosted
    version: "20.4.50"
  syncfusion_flutter_core:
    dependency: transitive
    description:
      name: syncfusion_flutter_core
      sha256: "33141f9073c607bd113898d241aa6a03ccc1856a314bd061015180c35d47012f"
      url: "https://pub.dev"
    source: hosted
    version: "20.4.50"
  syncfusion_flutter_datepicker:
    dependency: transitive
    description:
      name: syncfusion_flutter_datepicker
      sha256: "19f90a9e70c9edf5c23f900af224dea1e12fd9b2108ab528098c3cfd7508c57a"
      url: "https://pub.dev"
    source: hosted
    version: "20.4.50"
  synchronized:
    dependency: transitive
    description:
      name: synchronized
      sha256: "33b31b6beb98100bf9add464a36a8dd03eb10c7a8cf15aeec535e9b054aaf04b"
      url: "https://pub.dev"
    source: hosted
    version: "3.0.1"
  table_calendar:
    dependency: "direct main"
    description:
      name: table_calendar
      sha256: "7f1270313c0cdb245b583ed8518982c01d4a7e95869b3c30abcbae3b642c45d0"
      url: "https://pub.dev"
    source: hosted
    version: "3.0.8"
  term_glyph:
    dependency: transitive
    description:
      name: term_glyph
      sha256: a29248a84fbb7c79282b40b8c72a1209db169a2e0542bce341da992fe1bc7e84
      url: "https://pub.dev"
    source: hosted
    version: "1.2.1"
  test_api:
    dependency: transitive
    description:
      name: test_api
      sha256: ceeddf59d613e862e77f4b506cfc2945ac9637ce0b4c00f4f4c1ac639f3e9731
      url: "https://pub.dev"
    source: hosted
    version: "0.4.14"
  timezone:
    dependency: transitive
    description:
      name: timezone
      sha256: "24c8fcdd49a805d95777a39064862133ff816ebfffe0ceff110fb5960e557964"
      url: "https://pub.dev"
    source: hosted
    version: "0.9.1"
  typed_data:
    dependency: transitive
    description:
      name: typed_data
      sha256: "26f87ade979c47a150c9eaab93ccd2bebe70a27dc0b4b29517f2904f04eb11a5"
      url: "https://pub.dev"
    source: hosted
    version: "1.3.1"
  url_launcher:
    dependency: "direct main"
    description:
      name: url_launcher
      sha256: e8f2efc804810c0f2f5b485f49e7942179f56eabcfe81dce3387fec4bb55876b
      url: "https://pub.dev"
    source: hosted
    version: "6.1.9"
  url_launcher_android:
    dependency: transitive
    description:
      name: url_launcher_android
      sha256: "3e2f6dfd2c7d9cd123296cab8ef66cfc2c1a13f5845f42c7a0f365690a8a7dd1"
      url: "https://pub.dev"
    source: hosted
    version: "6.0.23"
  url_launcher_ios:
    dependency: transitive
    description:
      name: url_launcher_ios
      sha256: "0a5af0aefdd8cf820dd739886efb1637f1f24489900204f50984634c07a54815"
      url: "https://pub.dev"
    source: hosted
    version: "6.1.0"
  url_launcher_linux:
    dependency: transitive
    description:
      name: url_launcher_linux
      sha256: "318c42cba924e18180c029be69caf0a1a710191b9ec49bb42b5998fdcccee3cc"
      url: "https://pub.dev"
    source: hosted
    version: "3.0.2"
  url_launcher_macos:
    dependency: transitive
    description:
      name: url_launcher_macos
      sha256: "41988b55570df53b3dd2a7fc90c76756a963de6a8c5f8e113330cb35992e2094"
      url: "https://pub.dev"
    source: hosted
    version: "3.0.2"
  url_launcher_platform_interface:
    dependency: transitive
    description:
      name: url_launcher_platform_interface
      sha256: "4eae912628763eb48fc214522e58e942fd16ce195407dbf45638239523c759a6"
      url: "https://pub.dev"
    source: hosted
    version: "2.1.1"
  url_launcher_web:
    dependency: transitive
    description:
      name: url_launcher_web
      sha256: "44d79408ce9f07052095ef1f9a693c258d6373dc3944249374e30eff7219ccb0"
      url: "https://pub.dev"
    source: hosted
    version: "2.0.14"
  url_launcher_windows:
    dependency: transitive
    description:
      name: url_launcher_windows
      sha256: b6217370f8eb1fd85c8890c539f5a639a01ab209a36db82c921ebeacefc7a615
      url: "https://pub.dev"
    source: hosted
    version: "3.0.3"
  uuid:
    dependency: transitive
    description:
      name: uuid
      sha256: "648e103079f7c64a36dc7d39369cabb358d377078a051d6ae2ad3aa539519313"
      url: "https://pub.dev"
    source: hosted
    version: "3.0.7"
  vector_math:
    dependency: transitive
    description:
      name: vector_math
      sha256: "80b3257d1492ce4d091729e3a67a60407d227c27241d6927be0130c98e741803"
      url: "https://pub.dev"
    source: hosted
    version: "2.1.4"
  volume_control:
    dependency: "direct main"
    description:
      name: volume_control
      sha256: "2c370083dd3892b8e5f5650275e452fb97e90a1e1abff65b5f6a761e2bc8b754"
      url: "https://pub.dev"
    source: hosted
    version: "0.1.5"
  win32:
    dependency: transitive
    description:
      name: win32
      sha256: c0e3a4f7be7dae51d8f152230b86627e3397c1ba8c3fa58e63d44a9f3edc9cef
      url: "https://pub.dev"
    source: hosted
    version: "2.6.1"
  xdg_directories:
    dependency: transitive
    description:
      name: xdg_directories
      sha256: bd512f03919aac5f1313eb8249f223bacf4927031bf60b02601f81f687689e86
      url: "https://pub.dev"
    source: hosted
    version: "0.2.0+3"
  xml:
    dependency: transitive
    description:
      name: xml
      sha256: "80d494c09849dc3f899d227a78c30c5b949b985ededf884cb3f3bcd39f4b447a"
      url: "https://pub.dev"
    source: hosted
    version: "5.4.1"
  yaml:
    dependency: transitive
    description:
      name: yaml
      sha256: "23812a9b125b48d4007117254bca50abb6c712352927eece9e155207b1db2370"
      url: "https://pub.dev"
    source: hosted
    version: "3.1.1"
sdks:
  dart: ">=2.18.0 <3.0.0"
  flutter: ">=3.3.0"
